// !$*UTF8*$!
{
	archiveVersion = 1;
	classes = {
	};
	objectVersion = 46;
	objects = {

/* Begin PBXBuildFile section */
		0B2D6BF41D18266200A13347 /* main.cpp in Sources */ = {isa = PBXBuildFile; fileRef = 0B2D6BF31D18266200A13347 /* main.cpp */; };
		0B45B00A1D43060500E933F2 /* Rect.cpp in Sources */ = {isa = PBXBuildFile; fileRef = 0B45AFFF1D43060500E933F2 /* Rect.cpp */; };
		0B45B00B1D43060500E933F2 /* Vec2.cpp in Sources */ = {isa = PBXBuildFile; fileRef = 0B45B0051D43060500E933F2 /* Vec2.cpp */; };
		0B45B0151D43078D00E933F2 /* Geometry.cpp in Sources */ = {isa = PBXBuildFile; fileRef = 0B45B00F1D43078D00E933F2 /* Geometry.cpp */; };
		0B45B0161D43078D00E933F2 /* Mat3.cpp in Sources */ = {isa = PBXBuildFile; fileRef = 0B45B0111D43078D00E933F2 /* Mat3.cpp */; };
		0B45B0281D43081E00E933F2 /* MessageDispatcher.cpp in Sources */ = {isa = PBXBuildFile; fileRef = 0B45B0231D43081E00E933F2 /* MessageDispatcher.cpp */; };
		0B45B0421D43089A00E933F2 /* clipper.cpp in Sources */ = {isa = PBXBuildFile; fileRef = 0B45B03B1D43089A00E933F2 /* clipper.cpp */; };
		0B45B0571D4323A000E933F2 /* ParamLoader.cpp in Sources */ = {isa = PBXBuildFile; fileRef = 0B45B0541D4323A000E933F2 /* ParamLoader.cpp */; };
		0B802E791D56CBF900F182F8 /* Params.ini in CopyFiles */ = {isa = PBXBuildFile; fileRef = 0B802E781D56CBF700F182F8 /* Params.ini */; settings = {ATTRIBUTES = (CodeSignOnCopy, ); }; };
		0B8DC3EA1D3085BA005C32EE /* Server.cpp in Sources */ = {isa = PBXBuildFile; fileRef = 0B8DC3E81D3085BA005C32EE /* Server.cpp */; };
		0BCB97F91D57456300C44BF4 /* boost.framework in Frameworks */ = {isa = PBXBuildFile; fileRef = 0BCB97F81D57456300C44BF4 /* boost.framework */; };
/* End PBXBuildFile section */

/* Begin PBXCopyFilesBuildPhase section */
		0B2D6BEE1D18266200A13347 /* CopyFiles */ = {
			isa = PBXCopyFilesBuildPhase;
			buildActionMask = 2147483647;
			dstPath = /usr/share/man/man1/;
			dstSubfolderSpec = 0;
			files = (
			);
			runOnlyForDeploymentPostprocessing = 1;
		};
		0B802E751D56CBBC00F182F8 /* CopyFiles */ = {
			isa = PBXCopyFilesBuildPhase;
			buildActionMask = 2147483647;
			dstPath = "";
			dstSubfolderSpec = 7;
			files = (
				0B802E791D56CBF900F182F8 /* Params.ini in CopyFiles */,
			);
			runOnlyForDeploymentPostprocessing = 0;
		};
/* End PBXCopyFilesBuildPhase section */

/* Begin PBXFileReference section */
		0B2D6BF01D18266200A13347 /* TheDeadForestTestClient */ = {isa = PBXFileReference; explicitFileType = "compiled.mach-o.executable"; includeInIndex = 0; path = TheDeadForestTestClient; sourceTree = BUILT_PRODUCTS_DIR; };
		0B2D6BF31D18266200A13347 /* main.cpp */ = {isa = PBXFileReference; lastKnownFileType = sourcecode.cpp.cpp; path = main.cpp; sourceTree = "<group>"; };
		0B45AFDB1D43060500E933F2 /* ArrayType.h */ = {isa = PBXFileReference; fileEncoding = 4; lastKnownFileType = sourcecode.c.h; path = ArrayType.h; sourceTree = "<group>"; };
		0B45AFDC1D43060500E933F2 /* CCMathBase.h */ = {isa = PBXFileReference; fileEncoding = 4; lastKnownFileType = sourcecode.c.h; path = CCMathBase.h; sourceTree = "<group>"; };
		0B45AFDE1D43060500E933F2 /* allocators.h */ = {isa = PBXFileReference; fileEncoding = 4; lastKnownFileType = sourcecode.c.h; path = allocators.h; sourceTree = "<group>"; };
		0B45AFDF1D43060500E933F2 /* document.h */ = {isa = PBXFileReference; fileEncoding = 4; lastKnownFileType = sourcecode.c.h; path = document.h; sourceTree = "<group>"; };
		0B45AFE01D43060500E933F2 /* encodedstream.h */ = {isa = PBXFileReference; fileEncoding = 4; lastKnownFileType = sourcecode.c.h; path = encodedstream.h; sourceTree = "<group>"; };
		0B45AFE11D43060500E933F2 /* encodings.h */ = {isa = PBXFileReference; fileEncoding = 4; lastKnownFileType = sourcecode.c.h; path = encodings.h; sourceTree = "<group>"; };
		0B45AFE31D43060500E933F2 /* en.h */ = {isa = PBXFileReference; fileEncoding = 4; lastKnownFileType = sourcecode.c.h; path = en.h; sourceTree = "<group>"; };
		0B45AFE41D43060500E933F2 /* error.h */ = {isa = PBXFileReference; fileEncoding = 4; lastKnownFileType = sourcecode.c.h; path = error.h; sourceTree = "<group>"; };
		0B45AFE51D43060500E933F2 /* filereadstream.h */ = {isa = PBXFileReference; fileEncoding = 4; lastKnownFileType = sourcecode.c.h; path = filereadstream.h; sourceTree = "<group>"; };
		0B45AFE61D43060500E933F2 /* filestream.h */ = {isa = PBXFileReference; fileEncoding = 4; lastKnownFileType = sourcecode.c.h; path = filestream.h; sourceTree = "<group>"; };
		0B45AFE71D43060500E933F2 /* filewritestream.h */ = {isa = PBXFileReference; fileEncoding = 4; lastKnownFileType = sourcecode.c.h; path = filewritestream.h; sourceTree = "<group>"; };
		0B45AFE91D43060500E933F2 /* biginteger.h */ = {isa = PBXFileReference; fileEncoding = 4; lastKnownFileType = sourcecode.c.h; path = biginteger.h; sourceTree = "<group>"; };
		0B45AFEA1D43060500E933F2 /* diyfp.h */ = {isa = PBXFileReference; fileEncoding = 4; lastKnownFileType = sourcecode.c.h; path = diyfp.h; sourceTree = "<group>"; };
		0B45AFEB1D43060500E933F2 /* dtoa.h */ = {isa = PBXFileReference; fileEncoding = 4; lastKnownFileType = sourcecode.c.h; path = dtoa.h; sourceTree = "<group>"; };
		0B45AFEC1D43060500E933F2 /* ieee754.h */ = {isa = PBXFileReference; fileEncoding = 4; lastKnownFileType = sourcecode.c.h; path = ieee754.h; sourceTree = "<group>"; };
		0B45AFED1D43060500E933F2 /* itoa.h */ = {isa = PBXFileReference; fileEncoding = 4; lastKnownFileType = sourcecode.c.h; path = itoa.h; sourceTree = "<group>"; };
		0B45AFEE1D43060500E933F2 /* meta.h */ = {isa = PBXFileReference; fileEncoding = 4; lastKnownFileType = sourcecode.c.h; path = meta.h; sourceTree = "<group>"; };
		0B45AFEF1D43060500E933F2 /* pow10.h */ = {isa = PBXFileReference; fileEncoding = 4; lastKnownFileType = sourcecode.c.h; path = pow10.h; sourceTree = "<group>"; };
		0B45AFF01D43060500E933F2 /* stack.h */ = {isa = PBXFileReference; fileEncoding = 4; lastKnownFileType = sourcecode.c.h; path = stack.h; sourceTree = "<group>"; };
		0B45AFF11D43060500E933F2 /* strfunc.h */ = {isa = PBXFileReference; fileEncoding = 4; lastKnownFileType = sourcecode.c.h; path = strfunc.h; sourceTree = "<group>"; };
		0B45AFF21D43060500E933F2 /* strtod.h */ = {isa = PBXFileReference; fileEncoding = 4; lastKnownFileType = sourcecode.c.h; path = strtod.h; sourceTree = "<group>"; };
		0B45AFF31D43060500E933F2 /* memorybuffer.h */ = {isa = PBXFileReference; fileEncoding = 4; lastKnownFileType = sourcecode.c.h; path = memorybuffer.h; sourceTree = "<group>"; };
		0B45AFF41D43060500E933F2 /* memorystream.h */ = {isa = PBXFileReference; fileEncoding = 4; lastKnownFileType = sourcecode.c.h; path = memorystream.h; sourceTree = "<group>"; };
		0B45AFF61D43060500E933F2 /* inttypes.h */ = {isa = PBXFileReference; fileEncoding = 4; lastKnownFileType = sourcecode.c.h; path = inttypes.h; sourceTree = "<group>"; };
		0B45AFF71D43060500E933F2 /* stdint.h */ = {isa = PBXFileReference; fileEncoding = 4; lastKnownFileType = sourcecode.c.h; path = stdint.h; sourceTree = "<group>"; };
		0B45AFF81D43060500E933F2 /* prettywriter.h */ = {isa = PBXFileReference; fileEncoding = 4; lastKnownFileType = sourcecode.c.h; path = prettywriter.h; sourceTree = "<group>"; };
		0B45AFF91D43060500E933F2 /* rapidjson.h */ = {isa = PBXFileReference; fileEncoding = 4; lastKnownFileType = sourcecode.c.h; path = rapidjson.h; sourceTree = "<group>"; };
		0B45AFFA1D43060500E933F2 /* reader.h */ = {isa = PBXFileReference; fileEncoding = 4; lastKnownFileType = sourcecode.c.h; path = reader.h; sourceTree = "<group>"; };
		0B45AFFB1D43060500E933F2 /* stringbuffer.h */ = {isa = PBXFileReference; fileEncoding = 4; lastKnownFileType = sourcecode.c.h; path = stringbuffer.h; sourceTree = "<group>"; };
		0B45AFFC1D43060500E933F2 /* writer.h */ = {isa = PBXFileReference; fileEncoding = 4; lastKnownFileType = sourcecode.c.h; path = writer.h; sourceTree = "<group>"; };
		0B45AFFD1D43060500E933F2 /* ParseStructures.hpp */ = {isa = PBXFileReference; fileEncoding = 4; lastKnownFileType = sourcecode.cpp.h; path = ParseStructures.hpp; sourceTree = "<group>"; };
		0B45AFFE1D43060500E933F2 /* protocol.h */ = {isa = PBXFileReference; fileEncoding = 4; lastKnownFileType = sourcecode.c.h; path = protocol.h; sourceTree = "<group>"; };
		0B45AFFF1D43060500E933F2 /* Rect.cpp */ = {isa = PBXFileReference; fileEncoding = 4; lastKnownFileType = sourcecode.cpp.cpp; path = Rect.cpp; sourceTree = "<group>"; };
		0B45B0001D43060500E933F2 /* Rect.h */ = {isa = PBXFileReference; fileEncoding = 4; lastKnownFileType = sourcecode.c.h; path = Rect.h; sourceTree = "<group>"; };
		0B45B0011D43060500E933F2 /* Singleton.h */ = {isa = PBXFileReference; fileEncoding = 4; lastKnownFileType = sourcecode.c.h; path = Singleton.h; sourceTree = "<group>"; };
		0B45B0021D43060500E933F2 /* ThreadSafe_List.h */ = {isa = PBXFileReference; fileEncoding = 4; lastKnownFileType = sourcecode.c.h; path = ThreadSafe_List.h; sourceTree = "<group>"; };
		0B45B0031D43060500E933F2 /* ThreadSafe_Map.h */ = {isa = PBXFileReference; fileEncoding = 4; lastKnownFileType = sourcecode.c.h; path = ThreadSafe_Map.h; sourceTree = "<group>"; };
		0B45B0041D43060500E933F2 /* utils.h */ = {isa = PBXFileReference; fileEncoding = 4; lastKnownFileType = sourcecode.c.h; path = utils.h; sourceTree = "<group>"; };
		0B45B0051D43060500E933F2 /* Vec2.cpp */ = {isa = PBXFileReference; fileEncoding = 4; lastKnownFileType = sourcecode.cpp.cpp; path = Vec2.cpp; sourceTree = "<group>"; };
		0B45B0061D43060500E933F2 /* Vec2.h */ = {isa = PBXFileReference; fileEncoding = 4; lastKnownFileType = sourcecode.c.h; path = Vec2.h; sourceTree = "<group>"; };
		0B45B0071D43060500E933F2 /* Vec2.inl */ = {isa = PBXFileReference; fileEncoding = 4; lastKnownFileType = text; path = Vec2.inl; sourceTree = "<group>"; };
		0B45B00F1D43078D00E933F2 /* Geometry.cpp */ = {isa = PBXFileReference; fileEncoding = 4; lastKnownFileType = sourcecode.cpp.cpp; path = Geometry.cpp; sourceTree = "<group>"; };
		0B45B0101D43078D00E933F2 /* Geometry.hpp */ = {isa = PBXFileReference; fileEncoding = 4; lastKnownFileType = sourcecode.cpp.h; path = Geometry.hpp; sourceTree = "<group>"; };
		0B45B0111D43078D00E933F2 /* Mat3.cpp */ = {isa = PBXFileReference; fileEncoding = 4; lastKnownFileType = sourcecode.cpp.cpp; path = Mat3.cpp; sourceTree = "<group>"; };
		0B45B0121D43078D00E933F2 /* Mat3.hpp */ = {isa = PBXFileReference; fileEncoding = 4; lastKnownFileType = sourcecode.cpp.h; path = Mat3.hpp; sourceTree = "<group>"; };
		0B45B0131D43078D00E933F2 /* Physics.hpp */ = {isa = PBXFileReference; fileEncoding = 4; lastKnownFileType = sourcecode.cpp.h; path = Physics.hpp; sourceTree = "<group>"; };
		0B45B0141D43078D00E933F2 /* Physics.inl */ = {isa = PBXFileReference; fileEncoding = 4; lastKnownFileType = text; path = Physics.inl; sourceTree = "<group>"; };
		0B45B0231D43081E00E933F2 /* MessageDispatcher.cpp */ = {isa = PBXFileReference; fileEncoding = 4; lastKnownFileType = sourcecode.cpp.cpp; path = MessageDispatcher.cpp; sourceTree = "<group>"; };
		0B45B0241D43081E00E933F2 /* MessageDispatcher.hpp */ = {isa = PBXFileReference; fileEncoding = 4; lastKnownFileType = sourcecode.cpp.h; path = MessageDispatcher.hpp; sourceTree = "<group>"; };
		0B45B0251D43081E00E933F2 /* MessageNode.hpp */ = {isa = PBXFileReference; fileEncoding = 4; lastKnownFileType = sourcecode.cpp.h; path = MessageNode.hpp; sourceTree = "<group>"; };
		0B45B0261D43081E00E933F2 /* MessageTypes.hpp */ = {isa = PBXFileReference; fileEncoding = 4; lastKnownFileType = sourcecode.cpp.h; path = MessageTypes.hpp; sourceTree = "<group>"; };
		0B45B0271D43081E00E933F2 /* Telegram.hpp */ = {isa = PBXFileReference; fileEncoding = 4; lastKnownFileType = sourcecode.cpp.h; path = Telegram.hpp; sourceTree = "<group>"; };
		0B45B0371D43089A00E933F2 /* CellSpacePartition.hpp */ = {isa = PBXFileReference; fileEncoding = 4; lastKnownFileType = sourcecode.cpp.h; path = CellSpacePartition.hpp; sourceTree = "<group>"; };
		0B45B0381D43089A00E933F2 /* CellSpacePartition.inl */ = {isa = PBXFileReference; fileEncoding = 4; lastKnownFileType = text; path = CellSpacePartition.inl; sourceTree = "<group>"; };
		0B45B03B1D43089A00E933F2 /* clipper.cpp */ = {isa = PBXFileReference; fileEncoding = 4; lastKnownFileType = sourcecode.cpp.cpp; path = clipper.cpp; sourceTree = "<group>"; };
		0B45B03C1D43089A00E933F2 /* clipper.hpp */ = {isa = PBXFileReference; fileEncoding = 4; lastKnownFileType = sourcecode.cpp.h; path = clipper.hpp; sourceTree = "<group>"; };
		0B45B03D1D43089A00E933F2 /* ClipperWrapper.hpp */ = {isa = PBXFileReference; fileEncoding = 4; lastKnownFileType = sourcecode.cpp.h; path = ClipperWrapper.hpp; sourceTree = "<group>"; };
		0B45B0541D4323A000E933F2 /* ParamLoader.cpp */ = {isa = PBXFileReference; fileEncoding = 4; lastKnownFileType = sourcecode.cpp.cpp; path = ParamLoader.cpp; sourceTree = "<group>"; };
		0B45B0551D4323A000E933F2 /* ParamLoader.hpp */ = {isa = PBXFileReference; fileEncoding = 4; lastKnownFileType = sourcecode.cpp.h; path = ParamLoader.hpp; sourceTree = "<group>"; };
		0B45B0561D4323A000E933F2 /* ParamLoader.inl */ = {isa = PBXFileReference; fileEncoding = 4; lastKnownFileType = text; path = ParamLoader.inl; sourceTree = "<group>"; };
		0B802E781D56CBF700F182F8 /* Params.ini */ = {isa = PBXFileReference; fileEncoding = 4; lastKnownFileType = text; path = Params.ini; sourceTree = "<group>"; };
		0B8DC3DD1D3085BA005C32EE /* PacketCancelSearchGame_generated.h */ = {isa = PBXFileReference; fileEncoding = 4; lastKnownFileType = sourcecode.c.h; path = PacketCancelSearchGame_generated.h; sourceTree = "<group>"; };
		0B8DC3DE1D3085BA005C32EE /* PacketDoSearchGame_generated.h */ = {isa = PBXFileReference; fileEncoding = 4; lastKnownFileType = sourcecode.c.h; path = PacketDoSearchGame_generated.h; sourceTree = "<group>"; };
		0B8DC3DF1D3085BA005C32EE /* PacketFirstPlayerInfos_generated.h */ = {isa = PBXFileReference; fileEncoding = 4; lastKnownFileType = sourcecode.c.h; path = PacketFirstPlayerInfos_generated.h; sourceTree = "<group>"; };
		0B8DC3E01D3085BA005C32EE /* PacketLogin_generated.h */ = {isa = PBXFileReference; fileEncoding = 4; lastKnownFileType = sourcecode.c.h; path = PacketLogin_generated.h; sourceTree = "<group>"; };
		0B8DC3E11D3085BA005C32EE /* PacketLoginFail_generated.h */ = {isa = PBXFileReference; fileEncoding = 4; lastKnownFileType = sourcecode.c.h; path = PacketLoginFail_generated.h; sourceTree = "<group>"; };
		0B8DC3E21D3085BA005C32EE /* PacketLoginSuccess_generated.h */ = {isa = PBXFileReference; fileEncoding = 4; lastKnownFileType = sourcecode.c.h; path = PacketLoginSuccess_generated.h; sourceTree = "<group>"; };
		0B8DC3E31D3085BA005C32EE /* PacketMoveJoystick_generated.h */ = {isa = PBXFileReference; fileEncoding = 4; lastKnownFileType = sourcecode.c.h; path = PacketMoveJoystick_generated.h; sourceTree = "<group>"; };
		0B8DC3E41D3085BA005C32EE /* PacketSignup_generated.h */ = {isa = PBXFileReference; fileEncoding = 4; lastKnownFileType = sourcecode.c.h; path = PacketSignup_generated.h; sourceTree = "<group>"; };
		0B8DC3E51D3085BA005C32EE /* PacketSuccessSearchGame_generated.h */ = {isa = PBXFileReference; fileEncoding = 4; lastKnownFileType = sourcecode.c.h; path = PacketSuccessSearchGame_generated.h; sourceTree = "<group>"; };
		0B8DC3E61D3085BA005C32EE /* GeneratedPackets.hpp */ = {isa = PBXFileReference; fileEncoding = 4; lastKnownFileType = sourcecode.cpp.h; path = GeneratedPackets.hpp; sourceTree = "<group>"; };
		0B8DC3E71D3085BA005C32EE /* Packet.hpp */ = {isa = PBXFileReference; fileEncoding = 4; lastKnownFileType = sourcecode.cpp.h; path = Packet.hpp; sourceTree = "<group>"; };
		0B8DC3E81D3085BA005C32EE /* Server.cpp */ = {isa = PBXFileReference; fileEncoding = 4; lastKnownFileType = sourcecode.cpp.cpp; path = Server.cpp; sourceTree = "<group>"; };
		0B8DC3E91D3085BA005C32EE /* Server.hpp */ = {isa = PBXFileReference; fileEncoding = 4; lastKnownFileType = sourcecode.cpp.h; path = Server.hpp; sourceTree = "<group>"; };
		0B8DC3ED1D309456005C32EE /* flatbuffers.h */ = {isa = PBXFileReference; fileEncoding = 4; lastKnownFileType = sourcecode.c.h; path = flatbuffers.h; sourceTree = "<group>"; };
		0B8DC3EE1D309456005C32EE /* hash.h */ = {isa = PBXFileReference; fileEncoding = 4; lastKnownFileType = sourcecode.c.h; path = hash.h; sourceTree = "<group>"; };
		0B8DC3EF1D309456005C32EE /* idl.h */ = {isa = PBXFileReference; fileEncoding = 4; lastKnownFileType = sourcecode.c.h; path = idl.h; sourceTree = "<group>"; };
		0B8DC3F01D309456005C32EE /* reflection.h */ = {isa = PBXFileReference; fileEncoding = 4; lastKnownFileType = sourcecode.c.h; path = reflection.h; sourceTree = "<group>"; };
		0B8DC3F11D309456005C32EE /* reflection_generated.h */ = {isa = PBXFileReference; fileEncoding = 4; lastKnownFileType = sourcecode.c.h; path = reflection_generated.h; sourceTree = "<group>"; };
		0B8DC3F21D309456005C32EE /* util.h */ = {isa = PBXFileReference; fileEncoding = 4; lastKnownFileType = sourcecode.c.h; path = util.h; sourceTree = "<group>"; };
		0BCB97F81D57456300C44BF4 /* boost.framework */ = {isa = PBXFileReference; lastKnownFileType = wrapper.framework; name = boost.framework; path = ../../../DEV/TheDeadForest/Server/boost.framework; sourceTree = "<group>"; };
/* End PBXFileReference section */

/* Begin PBXFrameworksBuildPhase section */
		0B2D6BED1D18266200A13347 /* Frameworks */ = {
			isa = PBXFrameworksBuildPhase;
			buildActionMask = 2147483647;
			files = (
				0BCB97F91D57456300C44BF4 /* boost.framework in Frameworks */,
			);
			runOnlyForDeploymentPostprocessing = 0;
		};
/* End PBXFrameworksBuildPhase section */

/* Begin PBXGroup section */
		0B2D6BE71D18266200A13347 = {
			isa = PBXGroup;
			children = (
				0BCB97F81D57456300C44BF4 /* boost.framework */,
				0B2D6BF21D18266200A13347 /* TheDeadForestTestClient */,
				0B2D6BF11D18266200A13347 /* Products */,
			);
			sourceTree = "<group>";
		};
		0B2D6BF11D18266200A13347 /* Products */ = {
			isa = PBXGroup;
			children = (
				0B2D6BF01D18266200A13347 /* TheDeadForestTestClient */,
			);
			name = Products;
			sourceTree = "<group>";
		};
		0B2D6BF21D18266200A13347 /* TheDeadForestTestClient */ = {
			isa = PBXGroup;
			children = (
				0B802E771D56CBF700F182F8 /* resource */,
				0B45B0531D4323A000E933F2 /* ScriptSystem */,
				0B45B0361D43089A00E933F2 /* CellSpacePartition */,
				0B45B0391D43089A00E933F2 /* Clipping */,
				0B45B00E1D43078D00E933F2 /* Math */,
				0B45AFDA1D43060500E933F2 /* utils */,
				0B8DC3EC1D309456005C32EE /* flatbuffers */,
				0B8DC3DC1D3085BA005C32EE /* fpacket */,
				0B8DC3E61D3085BA005C32EE /* GeneratedPackets.hpp */,
				0B8DC3E71D3085BA005C32EE /* Packet.hpp */,
				0B45B0221D43081E00E933F2 /* MessageSystem */,
				0B8DC3E81D3085BA005C32EE /* Server.cpp */,
				0B8DC3E91D3085BA005C32EE /* Server.hpp */,
				0B2D6BF31D18266200A13347 /* main.cpp */,
			);
			path = TheDeadForestTestClient;
			sourceTree = "<group>";
		};
		0B45AFDA1D43060500E933F2 /* utils */ = {
			isa = PBXGroup;
			children = (
				0B45AFDB1D43060500E933F2 /* ArrayType.h */,
				0B45AFDC1D43060500E933F2 /* CCMathBase.h */,
				0B45AFDD1D43060500E933F2 /* json */,
				0B45AFFD1D43060500E933F2 /* ParseStructures.hpp */,
				0B45AFFE1D43060500E933F2 /* protocol.h */,
				0B45AFFF1D43060500E933F2 /* Rect.cpp */,
				0B45B0001D43060500E933F2 /* Rect.h */,
				0B45B0011D43060500E933F2 /* Singleton.h */,
				0B45B0021D43060500E933F2 /* ThreadSafe_List.h */,
				0B45B0031D43060500E933F2 /* ThreadSafe_Map.h */,
				0B45B0041D43060500E933F2 /* utils.h */,
				0B45B0051D43060500E933F2 /* Vec2.cpp */,
				0B45B0061D43060500E933F2 /* Vec2.h */,
				0B45B0071D43060500E933F2 /* Vec2.inl */,
			);
			path = utils;
			sourceTree = "<group>";
		};
		0B45AFDD1D43060500E933F2 /* json */ = {
			isa = PBXGroup;
			children = (
				0B45AFDE1D43060500E933F2 /* allocators.h */,
				0B45AFDF1D43060500E933F2 /* document.h */,
				0B45AFE01D43060500E933F2 /* encodedstream.h */,
				0B45AFE11D43060500E933F2 /* encodings.h */,
				0B45AFE21D43060500E933F2 /* error */,
				0B45AFE51D43060500E933F2 /* filereadstream.h */,
				0B45AFE61D43060500E933F2 /* filestream.h */,
				0B45AFE71D43060500E933F2 /* filewritestream.h */,
				0B45AFE81D43060500E933F2 /* internal */,
				0B45AFF31D43060500E933F2 /* memorybuffer.h */,
				0B45AFF41D43060500E933F2 /* memorystream.h */,
				0B45AFF51D43060500E933F2 /* msinttypes */,
				0B45AFF81D43060500E933F2 /* prettywriter.h */,
				0B45AFF91D43060500E933F2 /* rapidjson.h */,
				0B45AFFA1D43060500E933F2 /* reader.h */,
				0B45AFFB1D43060500E933F2 /* stringbuffer.h */,
				0B45AFFC1D43060500E933F2 /* writer.h */,
			);
			path = json;
			sourceTree = "<group>";
		};
		0B45AFE21D43060500E933F2 /* error */ = {
			isa = PBXGroup;
			children = (
				0B45AFE31D43060500E933F2 /* en.h */,
				0B45AFE41D43060500E933F2 /* error.h */,
			);
			path = error;
			sourceTree = "<group>";
		};
		0B45AFE81D43060500E933F2 /* internal */ = {
			isa = PBXGroup;
			children = (
				0B45AFE91D43060500E933F2 /* biginteger.h */,
				0B45AFEA1D43060500E933F2 /* diyfp.h */,
				0B45AFEB1D43060500E933F2 /* dtoa.h */,
				0B45AFEC1D43060500E933F2 /* ieee754.h */,
				0B45AFED1D43060500E933F2 /* itoa.h */,
				0B45AFEE1D43060500E933F2 /* meta.h */,
				0B45AFEF1D43060500E933F2 /* pow10.h */,
				0B45AFF01D43060500E933F2 /* stack.h */,
				0B45AFF11D43060500E933F2 /* strfunc.h */,
				0B45AFF21D43060500E933F2 /* strtod.h */,
			);
			path = internal;
			sourceTree = "<group>";
		};
		0B45AFF51D43060500E933F2 /* msinttypes */ = {
			isa = PBXGroup;
			children = (
				0B45AFF61D43060500E933F2 /* inttypes.h */,
				0B45AFF71D43060500E933F2 /* stdint.h */,
			);
			path = msinttypes;
			sourceTree = "<group>";
		};
		0B45B00E1D43078D00E933F2 /* Math */ = {
			isa = PBXGroup;
			children = (
				0B45B00F1D43078D00E933F2 /* Geometry.cpp */,
				0B45B0101D43078D00E933F2 /* Geometry.hpp */,
				0B45B0111D43078D00E933F2 /* Mat3.cpp */,
				0B45B0121D43078D00E933F2 /* Mat3.hpp */,
				0B45B0131D43078D00E933F2 /* Physics.hpp */,
				0B45B0141D43078D00E933F2 /* Physics.inl */,
			);
			name = Math;
			path = TheDeadForestTestClient/Math;
			sourceTree = SOURCE_ROOT;
		};
		0B45B0221D43081E00E933F2 /* MessageSystem */ = {
			isa = PBXGroup;
			children = (
				0B45B0231D43081E00E933F2 /* MessageDispatcher.cpp */,
				0B45B0241D43081E00E933F2 /* MessageDispatcher.hpp */,
				0B45B0251D43081E00E933F2 /* MessageNode.hpp */,
				0B45B0261D43081E00E933F2 /* MessageTypes.hpp */,
				0B45B0271D43081E00E933F2 /* Telegram.hpp */,
			);
			path = MessageSystem;
			sourceTree = "<group>";
		};
		0B45B0361D43089A00E933F2 /* CellSpacePartition */ = {
			isa = PBXGroup;
			children = (
				0B45B0371D43089A00E933F2 /* CellSpacePartition.hpp */,
				0B45B0381D43089A00E933F2 /* CellSpacePartition.inl */,
			);
			path = CellSpacePartition;
			sourceTree = "<group>";
		};
		0B45B0391D43089A00E933F2 /* Clipping */ = {
			isa = PBXGroup;
			children = (
				0B45B03A1D43089A00E933F2 /* Clipper */,
				0B45B03D1D43089A00E933F2 /* ClipperWrapper.hpp */,
			);
			path = Clipping;
			sourceTree = "<group>";
		};
		0B45B03A1D43089A00E933F2 /* Clipper */ = {
			isa = PBXGroup;
			children = (
				0B45B03B1D43089A00E933F2 /* clipper.cpp */,
				0B45B03C1D43089A00E933F2 /* clipper.hpp */,
			);
			path = Clipper;
			sourceTree = "<group>";
		};
		0B45B0531D4323A000E933F2 /* ScriptSystem */ = {
			isa = PBXGroup;
			children = (
				0B45B0541D4323A000E933F2 /* ParamLoader.cpp */,
				0B45B0551D4323A000E933F2 /* ParamLoader.hpp */,
				0B45B0561D4323A000E933F2 /* ParamLoader.inl */,
			);
			path = ScriptSystem;
			sourceTree = "<group>";
		};
		0B802E771D56CBF700F182F8 /* resource */ = {
			isa = PBXGroup;
			children = (
				0B802E781D56CBF700F182F8 /* Params.ini */,
			);
			path = resource;
			sourceTree = "<group>";
		};
		0B8DC3DC1D3085BA005C32EE /* fpacket */ = {
			isa = PBXGroup;
			children = (
				0B8DC3DD1D3085BA005C32EE /* PacketCancelSearchGame_generated.h */,
				0B8DC3DE1D3085BA005C32EE /* PacketDoSearchGame_generated.h */,
				0B8DC3DF1D3085BA005C32EE /* PacketFirstPlayerInfos_generated.h */,
				0B8DC3E01D3085BA005C32EE /* PacketLogin_generated.h */,
				0B8DC3E11D3085BA005C32EE /* PacketLoginFail_generated.h */,
				0B8DC3E21D3085BA005C32EE /* PacketLoginSuccess_generated.h */,
				0B8DC3E31D3085BA005C32EE /* PacketMoveJoystick_generated.h */,
				0B8DC3E41D3085BA005C32EE /* PacketSignup_generated.h */,
				0B8DC3E51D3085BA005C32EE /* PacketSuccessSearchGame_generated.h */,
			);
			path = fpacket;
			sourceTree = "<group>";
		};
		0B8DC3EC1D309456005C32EE /* flatbuffers */ = {
			isa = PBXGroup;
			children = (
				0B8DC3ED1D309456005C32EE /* flatbuffers.h */,
				0B8DC3EE1D309456005C32EE /* hash.h */,
				0B8DC3EF1D309456005C32EE /* idl.h */,
				0B8DC3F01D309456005C32EE /* reflection.h */,
				0B8DC3F11D309456005C32EE /* reflection_generated.h */,
				0B8DC3F21D309456005C32EE /* util.h */,
			);
			path = flatbuffers;
			sourceTree = "<group>";
		};
/* End PBXGroup section */

/* Begin PBXNativeTarget section */
		0B2D6BEF1D18266200A13347 /* TheDeadForestTestClient */ = {
			isa = PBXNativeTarget;
			buildConfigurationList = 0B2D6BF71D18266200A13347 /* Build configuration list for PBXNativeTarget "TheDeadForestTestClient" */;
			buildPhases = (
				0B2D6BEC1D18266200A13347 /* Sources */,
				0B2D6BED1D18266200A13347 /* Frameworks */,
				0B2D6BEE1D18266200A13347 /* CopyFiles */,
				0B802E751D56CBBC00F182F8 /* CopyFiles */,
			);
			buildRules = (
			);
			dependencies = (
			);
			name = TheDeadForestTestClient;
			productName = TheDeadForestTestClient;
			productReference = 0B2D6BF01D18266200A13347 /* TheDeadForestTestClient */;
			productType = "com.apple.product-type.tool";
		};
/* End PBXNativeTarget section */

/* Begin PBXProject section */
		0B2D6BE81D18266200A13347 /* Project object */ = {
			isa = PBXProject;
			attributes = {
				LastUpgradeCheck = 0720;
				ORGANIZATIONNAME = "ByoungKwon Do";
				TargetAttributes = {
					0B2D6BEF1D18266200A13347 = {
						CreatedOnToolsVersion = 7.2.1;
					};
				};
			};
			buildConfigurationList = 0B2D6BEB1D18266200A13347 /* Build configuration list for PBXProject "TheDeadForestTestClient" */;
			compatibilityVersion = "Xcode 3.2";
			developmentRegion = English;
			hasScannedForEncodings = 0;
			knownRegions = (
				en,
			);
			mainGroup = 0B2D6BE71D18266200A13347;
			productRefGroup = 0B2D6BF11D18266200A13347 /* Products */;
			projectDirPath = "";
			projectRoot = "";
			targets = (
				0B2D6BEF1D18266200A13347 /* TheDeadForestTestClient */,
			);
		};
/* End PBXProject section */

/* Begin PBXSourcesBuildPhase section */
		0B2D6BEC1D18266200A13347 /* Sources */ = {
			isa = PBXSourcesBuildPhase;
			buildActionMask = 2147483647;
			files = (
				0B45B0421D43089A00E933F2 /* clipper.cpp in Sources */,
				0B45B0281D43081E00E933F2 /* MessageDispatcher.cpp in Sources */,
				0B8DC3EA1D3085BA005C32EE /* Server.cpp in Sources */,
				0B45B00B1D43060500E933F2 /* Vec2.cpp in Sources */,
				0B45B0571D4323A000E933F2 /* ParamLoader.cpp in Sources */,
				0B45B0151D43078D00E933F2 /* Geometry.cpp in Sources */,
				0B2D6BF41D18266200A13347 /* main.cpp in Sources */,
				0B45B0161D43078D00E933F2 /* Mat3.cpp in Sources */,
				0B45B00A1D43060500E933F2 /* Rect.cpp in Sources */,
			);
			runOnlyForDeploymentPostprocessing = 0;
		};
/* End PBXSourcesBuildPhase section */

/* Begin XCBuildConfiguration section */
		0B2D6BF51D18266200A13347 /* Debug */ = {
			isa = XCBuildConfiguration;
			buildSettings = {
				ALWAYS_SEARCH_USER_PATHS = NO;
				CLANG_CXX_LANGUAGE_STANDARD = "gnu++0x";
				CLANG_CXX_LIBRARY = "libc++";
				CLANG_ENABLE_MODULES = YES;
				CLANG_ENABLE_OBJC_ARC = YES;
				CLANG_WARN_BOOL_CONVERSION = YES;
				CLANG_WARN_CONSTANT_CONVERSION = YES;
				CLANG_WARN_DIRECT_OBJC_ISA_USAGE = YES_ERROR;
				CLANG_WARN_EMPTY_BODY = YES;
				CLANG_WARN_ENUM_CONVERSION = YES;
				CLANG_WARN_INT_CONVERSION = YES;
				CLANG_WARN_OBJC_ROOT_CLASS = YES_ERROR;
				CLANG_WARN_UNREACHABLE_CODE = YES;
				CLANG_WARN__DUPLICATE_METHOD_MATCH = YES;
				CODE_SIGN_IDENTITY = "-";
				COPY_PHASE_STRIP = NO;
				DEBUG_INFORMATION_FORMAT = dwarf;
				ENABLE_STRICT_OBJC_MSGSEND = YES;
				ENABLE_TESTABILITY = YES;
				GCC_C_LANGUAGE_STANDARD = gnu99;
				GCC_DYNAMIC_NO_PIC = NO;
				GCC_NO_COMMON_BLOCKS = YES;
				GCC_OPTIMIZATION_LEVEL = 0;
				GCC_PREPROCESSOR_DEFINITIONS = (
					"DEBUG=1",
					"$(inherited)",
				);
				GCC_WARN_64_TO_32_BIT_CONVERSION = YES;
				GCC_WARN_ABOUT_RETURN_TYPE = YES_ERROR;
				GCC_WARN_UNDECLARED_SELECTOR = YES;
				GCC_WARN_UNINITIALIZED_AUTOS = YES_AGGRESSIVE;
				GCC_WARN_UNUSED_FUNCTION = YES;
				GCC_WARN_UNUSED_VARIABLE = YES;
				MACOSX_DEPLOYMENT_TARGET = 10.11;
				MTL_ENABLE_DEBUG_INFO = YES;
				ONLY_ACTIVE_ARCH = YES;
				SDKROOT = macosx;
			};
			name = Debug;
		};
		0B2D6BF61D18266200A13347 /* Release */ = {
			isa = XCBuildConfiguration;
			buildSettings = {
				ALWAYS_SEARCH_USER_PATHS = NO;
				CLANG_CXX_LANGUAGE_STANDARD = "gnu++0x";
				CLANG_CXX_LIBRARY = "libc++";
				CLANG_ENABLE_MODULES = YES;
				CLANG_ENABLE_OBJC_ARC = YES;
				CLANG_WARN_BOOL_CONVERSION = YES;
				CLANG_WARN_CONSTANT_CONVERSION = YES;
				CLANG_WARN_DIRECT_OBJC_ISA_USAGE = YES_ERROR;
				CLANG_WARN_EMPTY_BODY = YES;
				CLANG_WARN_ENUM_CONVERSION = YES;
				CLANG_WARN_INT_CONVERSION = YES;
				CLANG_WARN_OBJC_ROOT_CLASS = YES_ERROR;
				CLANG_WARN_UNREACHABLE_CODE = YES;
				CLANG_WARN__DUPLICATE_METHOD_MATCH = YES;
				CODE_SIGN_IDENTITY = "-";
				COPY_PHASE_STRIP = NO;
				DEBUG_INFORMATION_FORMAT = "dwarf-with-dsym";
				ENABLE_NS_ASSERTIONS = NO;
				ENABLE_STRICT_OBJC_MSGSEND = YES;
				GCC_C_LANGUAGE_STANDARD = gnu99;
				GCC_NO_COMMON_BLOCKS = YES;
				GCC_WARN_64_TO_32_BIT_CONVERSION = YES;
				GCC_WARN_ABOUT_RETURN_TYPE = YES_ERROR;
				GCC_WARN_UNDECLARED_SELECTOR = YES;
				GCC_WARN_UNINITIALIZED_AUTOS = YES_AGGRESSIVE;
				GCC_WARN_UNUSED_FUNCTION = YES;
				GCC_WARN_UNUSED_VARIABLE = YES;
				MACOSX_DEPLOYMENT_TARGET = 10.11;
				MTL_ENABLE_DEBUG_INFO = NO;
				SDKROOT = macosx;
			};
			name = Release;
		};
		0B2D6BF81D18266200A13347 /* Debug */ = {
			isa = XCBuildConfiguration;
			buildSettings = {
				FRAMEWORK_SEARCH_PATHS = (
					/Users/DBK/DEV/TheDeadForest/Server,
					"$(PROJECT_DIR)",
				);
				PRODUCT_NAME = "$(TARGET_NAME)";
			};
			name = Debug;
		};
		0B2D6BF91D18266200A13347 /* Release */ = {
			isa = XCBuildConfiguration;
			buildSettings = {
				FRAMEWORK_SEARCH_PATHS = (
					/Users/DBK/DEV/TheDeadForest/Server,
					"$(PROJECT_DIR)",
				);
				PRODUCT_NAME = "$(TARGET_NAME)";
			};
			name = Release;
		};
/* End XCBuildConfiguration section */

/* Begin XCConfigurationList section */
		0B2D6BEB1D18266200A13347 /* Build configuration list for PBXProject "TheDeadForestTestClient" */ = {
			isa = XCConfigurationList;
			buildConfigurations = (
				0B2D6BF51D18266200A13347 /* Debug */,
				0B2D6BF61D18266200A13347 /* Release */,
			);
			defaultConfigurationIsVisible = 0;
			defaultConfigurationName = Release;
		};
		0B2D6BF71D18266200A13347 /* Build configuration list for PBXNativeTarget "TheDeadForestTestClient" */ = {
			isa = XCConfigurationList;
			buildConfigurations = (
				0B2D6BF81D18266200A13347 /* Debug */,
				0B2D6BF91D18266200A13347 /* Release */,
			);
			defaultConfigurationIsVisible = 0;
			defaultConfigurationName = Release;
		};
/* End XCConfigurationList section */
	};
	rootObject = 0B2D6BE81D18266200A13347 /* Project object */;
}
